
Microsoft Visual Studio Solution File, Format Version 12.00
# Visual Studio Version 17
VisualStudioVersion = 17.8.34330.188
MinimumVisualStudioVersion = 10.0.40219.1
Project("{FAE04EC0-301F-11D3-BF4B-00C04F79EFBC}") = "TransactionBroadcast", "TransactionBroadcast\TransactionBroadcast.csproj", "{1FA920C9-5A1A-4F9D-B144-0F7491B394AA}"
EndProject
Global
	GlobalSection(SolutionConfigurationPlatforms) = preSolution
		Debug|Any CPU = Debug|Any CPU
		Release|Any CPU = Release|Any CPU
	EndGlobalSection
	GlobalSection(ProjectConfigurationPlatforms) = postSolution
		{1FA920C9-5A1A-4F9D-B144-0F7491B394AA}.Debug|Any CPU.ActiveCfg = Debug|Any CPU
		{1FA920C9-5A1A-4F9D-B144-0F7491B394AA}.Debug|Any CPU.Build.0 = Debug|Any CPU
		{1FA920C9-5A1A-4F9D-B144-0F7491B394AA}.Release|Any CPU.ActiveCfg = Release|Any CPU
		{1FA920C9-5A1A-4F9D-B144-0F7491B394AA}.Release|Any CPU.Build.0 = Release|Any CPU
	EndGlobalSection
	GlobalSection(SolutionProperties) = preSolution
		HideSolutionNode = FALSE
	EndGlobalSection
	GlobalSection(ExtensibilityGlobals) = postSolution
		SolutionGuid = {3B4AE0D7-7514-4470-AA55-9114F54E435C}
	EndGlobalSection
EndGlobal
